
Microsoft Visual Studio Solution File, Format Version 12.00
# Visual Studio Version 16
VisualStudioVersion = 16.0.31515.178
MinimumVisualStudioVersion = 10.0.40219.1
Project("{FAE04EC0-301F-11D3-BF4B-00C04F79EFBC}") = "StringRecursion", "StringRecursion.csproj", "{1DB2EE1E-E655-45DE-A060-AE6692B9B93F}"
EndProject
Global
	GlobalSection(SolutionConfigurationPlatforms) = preSolution
		Debug|Any CPU = Debug|Any CPU
		Release|Any CPU = Release|Any CPU
	EndGlobalSection
	GlobalSection(ProjectConfigurationPlatforms) = postSolution
		{1DB2EE1E-E655-45DE-A060-AE6692B9B93F}.Debug|Any CPU.ActiveCfg = Debug|Any CPU
		{1DB2EE1E-E655-45DE-A060-AE6692B9B93F}.Debug|Any CPU.Build.0 = Debug|Any CPU
		{1DB2EE1E-E655-45DE-A060-AE6692B9B93F}.Release|Any CPU.ActiveCfg = Release|Any CPU
		{1DB2EE1E-E655-45DE-A060-AE6692B9B93F}.Release|Any CPU.Build.0 = Release|Any CPU
	EndGlobalSection
	GlobalSection(SolutionProperties) = preSolution
		HideSolutionNode = FALSE
	EndGlobalSection
	GlobalSection(ExtensibilityGlobals) = postSolution
		SolutionGuid = {E14DBFD2-0073-4E2B-A76B-037016BBC0BA}
	EndGlobalSection
EndGlobal
