
Microsoft Visual Studio Solution File, Format Version 12.00
# Visual Studio Version 16
VisualStudioVersion = 16.0.30204.135
MinimumVisualStudioVersion = 10.0.40219.1
Project("{FAE04EC0-301F-11D3-BF4B-00C04F79EFBC}") = "ShoppingSite", "ShoppingSite.csproj", "{9F432B2C-F627-4C5B-823F-2378E1A00941}"
EndProject
Global
	GlobalSection(SolutionConfigurationPlatforms) = preSolution
		Debug|Any CPU = Debug|Any CPU
		Release|Any CPU = Release|Any CPU
	EndGlobalSection
	GlobalSection(ProjectConfigurationPlatforms) = postSolution
		{9F432B2C-F627-4C5B-823F-2378E1A00941}.Debug|Any CPU.ActiveCfg = Debug|Any CPU
		{9F432B2C-F627-4C5B-823F-2378E1A00941}.Debug|Any CPU.Build.0 = Debug|Any CPU
		{9F432B2C-F627-4C5B-823F-2378E1A00941}.Release|Any CPU.ActiveCfg = Release|Any CPU
		{9F432B2C-F627-4C5B-823F-2378E1A00941}.Release|Any CPU.Build.0 = Release|Any CPU
	EndGlobalSection
	GlobalSection(SolutionProperties) = preSolution
		HideSolutionNode = FALSE
	EndGlobalSection
	GlobalSection(ExtensibilityGlobals) = postSolution
		SolutionGuid = {6D4CC982-C8BA-4DDC-B2B2-19C64CD93CD1}
	EndGlobalSection
EndGlobal
